
Microsoft Visual Studio Solution File, Format Version 11.00
# Visual Studio 2010
Project("{FAE04EC0-301F-11D3-BF4B-00C04F79EFBC}") = "Assembly-CSharp", "Assembly-CSharp.csproj", "{4c7dc98c-b43e-8ff8-034a-9f92cb020b73}"
EndProject
Project("{FAE04EC0-301F-11D3-BF4B-00C04F79EFBC}") = "Assembly-CSharp-Editor", "Assembly-CSharp-Editor.csproj", "{58d2345e-75f0-a52e-674a-438461514947}"
EndProject
Global
	GlobalSection(SolutionConfigurationPlatforms) = preSolution
		Debug|Any CPU = Debug|Any CPU
	EndGlobalSection
	GlobalSection(ProjectConfigurationPlatforms) = postSolution
		{4c7dc98c-b43e-8ff8-034a-9f92cb020b73}.Debug|Any CPU.ActiveCfg = Debug|Any CPU
		{4c7dc98c-b43e-8ff8-034a-9f92cb020b73}.Debug|Any CPU.Build.0 = Debug|Any CPU
		{58d2345e-75f0-a52e-674a-438461514947}.Debug|Any CPU.ActiveCfg = Debug|Any CPU
		{58d2345e-75f0-a52e-674a-438461514947}.Debug|Any CPU.Build.0 = Debug|Any CPU
	EndGlobalSection
	GlobalSection(SolutionProperties) = preSolution
		HideSolutionNode = FALSE
	EndGlobalSection
EndGlobal
